# THIS IS AN AUTOGENERATED FILE. DO NOT EDIT THIS FILE DIRECTLY.
# yarn lockfile v1


"@babel/helper-string-parser@^7.27.1":
  version "7.27.1"
  resolved "https://registry.npmmirror.com/@babel/helper-string-parser/-/helper-string-parser-7.27.1.tgz"
  integrity sha512-qMlSxKbpRlAridDExk92nSobyDdpPijUq2DW6oDnUqd0iOGxmQjyqhMIihI9+zv4LPyZdRje2cavWPbCbWm3eA==

"@babel/helper-validator-identifier@^7.27.1":
  version "7.27.1"
  resolved "https://registry.npmmirror.com/@babel/helper-validator-identifier/-/helper-validator-identifier-7.27.1.tgz"
  integrity sha512-D2hP9eA+Sqx1kBZgzxZh0y1trbuU+JoDkiEwqhQ36nodYqJwyEIhPSdMNd7lOm/4io72luTPWH20Yda0xOuUow==

"@babel/parser@^7.28.3":
  version "7.28.3"
  resolved "https://registry.npmmirror.com/@babel/parser/-/parser-7.28.3.tgz"
  integrity sha512-7+Ey1mAgYqFAx2h0RuoxcQT5+MlG3GTV0TQrgr7/ZliKsm/MNDxVVutlWaziMq7wJNAz8MTqz55XLpWvva6StA==
  dependencies:
    "@babel/types" "^7.28.2"

"@babel/types@^7.28.2":
  version "7.28.2"
  resolved "https://registry.npmmirror.com/@babel/types/-/types-7.28.2.tgz"
  integrity sha512-ruv7Ae4J5dUYULmeXw1gmb7rYRz57OWCPM57pHojnLq/3Z1CK2lNSLTCVjxVk1F/TZHwOZZrOWi0ur95BbLxNQ==
  dependencies:
    "@babel/helper-string-parser" "^7.27.1"
    "@babel/helper-validator-identifier" "^7.27.1"

"@esbuild/darwin-arm64@0.21.5":
  version "0.21.5"
  resolved "https://registry.npmmirror.com/@esbuild/darwin-arm64/-/darwin-arm64-0.21.5.tgz"
  integrity sha512-DwqXqZyuk5AiWWf3UfLiRDJ5EDd49zg6O9wclZ7kUMv2WRFr4HKjXp/5t8JZ11QbQfUS6/cRCKGwYhtNAY88kQ==

"@intlify/core-base@9.14.5":
  version "9.14.5"
  resolved "https://registry.npmmirror.com/@intlify/core-base/-/core-base-9.14.5.tgz"
  integrity sha512-5ah5FqZG4pOoHjkvs8mjtv+gPKYU0zCISaYNjBNNqYiaITxW8ZtVih3GS/oTOqN8d9/mDLyrjD46GBApNxmlsA==
  dependencies:
    "@intlify/message-compiler" "9.14.5"
    "@intlify/shared" "9.14.5"

"@intlify/message-compiler@9.14.5":
  version "9.14.5"
  resolved "https://registry.npmmirror.com/@intlify/message-compiler/-/message-compiler-9.14.5.tgz"
  integrity sha512-IHzgEu61/YIpQV5Pc3aRWScDcnFKWvQA9kigcINcCBXN8mbW+vk9SK+lDxA6STzKQsVJxUPg9ACC52pKKo3SVQ==
  dependencies:
    "@intlify/shared" "9.14.5"
    source-map-js "^1.0.2"

"@intlify/shared@9.14.5":
  version "9.14.5"
  resolved "https://registry.npmmirror.com/@intlify/shared/-/shared-9.14.5.tgz"
  integrity sha512-9gB+E53BYuAEMhbCAxVgG38EZrk59sxBtv3jSizNL2hEWlgjBjAw1AwpLHtNaeda12pe6W20OGEa0TwuMSRbyQ==

"@jridgewell/sourcemap-codec@^1.5.5":
  version "1.5.5"
  resolved "https://registry.npmmirror.com/@jridgewell/sourcemap-codec/-/sourcemap-codec-1.5.5.tgz"
  integrity sha512-cYQ9310grqxueWbl+WuIUIaiUaDcj7WOq5fVhEljNVgRfOUhY9fy2zTvfoqWsnebh8Sl70VScFbICvJnLKB0Og==

"@rollup/rollup-darwin-arm64@4.50.0":
  version "4.50.0"
  resolved "https://registry.npmmirror.com/@rollup/rollup-darwin-arm64/-/rollup-darwin-arm64-4.50.0.tgz"
  integrity sha512-vwSXQN8T4sKf1RHr1F0s98Pf8UPz7pS6P3LG9NSmuw0TVh7EmaE+5Ny7hJOZ0M2yuTctEsHHRTMi2wuHkdS6Hg==

"@types/estree@1.0.8":
  version "1.0.8"
  resolved "https://registry.npmmirror.com/@types/estree/-/estree-1.0.8.tgz"
  integrity sha512-dWHzHa2WqEXI/O1E9OjrocMTKJl2mSrEolh1Iomrv6U+JuNwaHXsXx9bLu5gG7BUWFIN0skIQJQ/L1rIex4X6w==

"@types/marked@^6.0.0":
  version "6.0.0"
  resolved "https://registry.npmmirror.com/@types/marked/-/marked-6.0.0.tgz"
  integrity sha512-jmjpa4BwUsmhxcfsgUit/7A9KbrC48Q0q8KvnY107ogcjGgTFDlIL3RpihNpx2Mu1hM4mdFQjoVc4O6JoGKHsA==
  dependencies:
    marked "*"

"@vitejs/plugin-vue@^5.0.0":
  version "5.2.4"
  resolved "https://registry.npmmirror.com/@vitejs/plugin-vue/-/plugin-vue-5.2.4.tgz"
  integrity sha512-7Yx/SXSOcQq5HiiV3orevHUFn+pmMB4cgbEkDYgnkUWb0WfeQ/wa2yFv6D5ICiCQOVpjA7vYDXrC7AGO8yjDHA==

"@volar/language-core@~1.11.1", "@volar/language-core@1.11.1":
  version "1.11.1"
  resolved "https://registry.npmmirror.com/@volar/language-core/-/language-core-1.11.1.tgz"
  integrity sha512-dOcNn3i9GgZAcJt43wuaEykSluAuOkQgzni1cuxLxTV0nJKanQztp7FxyswdRILaKH+P2XZMPRp2S4MV/pElCw==
  dependencies:
    "@volar/source-map" "1.11.1"

"@volar/source-map@~1.11.1", "@volar/source-map@1.11.1":
  version "1.11.1"
  resolved "https://registry.npmmirror.com/@volar/source-map/-/source-map-1.11.1.tgz"
  integrity sha512-hJnOnwZ4+WT5iupLRnuzbULZ42L7BWWPMmruzwtLhJfpDVoZLjNBxHDi2sY2bgZXCKlpU5XcsMFoYrsQmPhfZg==
  dependencies:
    muggle-string "^0.3.1"

"@volar/typescript@~1.11.1":
  version "1.11.1"
  resolved "https://registry.npmmirror.com/@volar/typescript/-/typescript-1.11.1.tgz"
  integrity sha512-iU+t2mas/4lYierSnoFOeRFQUhAEMgsFuQxoxvwn5EdQopw43j+J27a4lt9LMInx1gLJBC6qL14WYGlgymaSMQ==
  dependencies:
    "@volar/language-core" "1.11.1"
    path-browserify "^1.0.1"

"@vue/compiler-core@3.5.21":
  version "3.5.21"
  resolved "https://registry.npmmirror.com/@vue/compiler-core/-/compiler-core-3.5.21.tgz"
  integrity sha512-8i+LZ0vf6ZgII5Z9XmUvrCyEzocvWT+TeR2VBUVlzIH6Tyv57E20mPZ1bCS+tbejgUgmjrEh7q/0F0bibskAmw==
  dependencies:
    "@babel/parser" "^7.28.3"
    "@vue/shared" "3.5.21"
    entities "^4.5.0"
    estree-walker "^2.0.2"
    source-map-js "^1.2.1"

"@vue/compiler-dom@^3.3.0", "@vue/compiler-dom@3.5.21":
  version "3.5.21"
  resolved "https://registry.npmmirror.com/@vue/compiler-dom/-/compiler-dom-3.5.21.tgz"
  integrity sha512-jNtbu/u97wiyEBJlJ9kmdw7tAr5Vy0Aj5CgQmo+6pxWNQhXZDPsRr1UWPN4v3Zf82s2H3kF51IbzZ4jMWAgPlQ==
  dependencies:
    "@vue/compiler-core" "3.5.21"
    "@vue/shared" "3.5.21"

"@vue/compiler-sfc@3.5.21":
  version "3.5.21"
  resolved "https://registry.npmmirror.com/@vue/compiler-sfc/-/compiler-sfc-3.5.21.tgz"
  integrity sha512-SXlyk6I5eUGBd2v8Ie7tF6ADHE9kCR6mBEuPyH1nUZ0h6Xx6nZI29i12sJKQmzbDyr2tUHMhhTt51Z6blbkTTQ==
  dependencies:
    "@babel/parser" "^7.28.3"
    "@vue/compiler-core" "3.5.21"
    "@vue/compiler-dom" "3.5.21"
    "@vue/compiler-ssr" "3.5.21"
    "@vue/shared" "3.5.21"
    estree-walker "^2.0.2"
    magic-string "^0.30.18"
    postcss "^8.5.6"
    source-map-js "^1.2.1"

"@vue/compiler-ssr@3.5.21":
  version "3.5.21"
  resolved "https://registry.npmmirror.com/@vue/compiler-ssr/-/compiler-ssr-3.5.21.tgz"
  integrity sha512-vKQ5olH5edFZdf5ZrlEgSO1j1DMA4u23TVK5XR1uMhvwnYvVdDF0nHXJUblL/GvzlShQbjhZZ2uvYmDlAbgo9w==
  dependencies:
    "@vue/compiler-dom" "3.5.21"
    "@vue/shared" "3.5.21"

"@vue/devtools-api@^6.5.0", "@vue/devtools-api@^6.6.4":
  version "6.6.4"
  resolved "https://registry.npmmirror.com/@vue/devtools-api/-/devtools-api-6.6.4.tgz"
  integrity sha512-sGhTPMuXqZ1rVOk32RylztWkfXTRhuS7vgAKv0zjqk8gbsHkJ7xfFf+jbySxt7tWObEJwyKaHMikV/WGDiQm8g==

"@vue/language-core@1.8.27":
  version "1.8.27"
  resolved "https://registry.npmmirror.com/@vue/language-core/-/language-core-1.8.27.tgz"
  integrity sha512-L8Kc27VdQserNaCUNiSFdDl9LWT24ly8Hpwf1ECy3aFb9m6bDhBGQYOujDm21N7EW3moKIOKEanQwe1q5BK+mA==
  dependencies:
    "@volar/language-core" "~1.11.1"
    "@volar/source-map" "~1.11.1"
    "@vue/compiler-dom" "^3.3.0"
    "@vue/shared" "^3.3.0"
    computeds "^0.0.1"
    minimatch "^9.0.3"
    muggle-string "^0.3.1"
    path-browserify "^1.0.1"
    vue-template-compiler "^2.7.14"

"@vue/reactivity@3.5.21":
  version "3.5.21"
  resolved "https://registry.npmmirror.com/@vue/reactivity/-/reactivity-3.5.21.tgz"
  integrity sha512-3ah7sa+Cwr9iiYEERt9JfZKPw4A2UlbY8RbbnH2mGCE8NwHkhmlZt2VsH0oDA3P08X3jJd29ohBDtX+TbD9AsA==
  dependencies:
    "@vue/shared" "3.5.21"

"@vue/runtime-core@3.5.21":
  version "3.5.21"
  resolved "https://registry.npmmirror.com/@vue/runtime-core/-/runtime-core-3.5.21.tgz"
  integrity sha512-+DplQlRS4MXfIf9gfD1BOJpk5RSyGgGXD/R+cumhe8jdjUcq/qlxDawQlSI8hCKupBlvM+3eS1se5xW+SuNAwA==
  dependencies:
    "@vue/reactivity" "3.5.21"
    "@vue/shared" "3.5.21"

"@vue/runtime-dom@3.5.21":
  version "3.5.21"
  resolved "https://registry.npmmirror.com/@vue/runtime-dom/-/runtime-dom-3.5.21.tgz"
  integrity sha512-3M2DZsOFwM5qI15wrMmNF5RJe1+ARijt2HM3TbzBbPSuBHOQpoidE+Pa+XEaVN+czbHf81ETRoG1ltztP2em8w==
  dependencies:
    "@vue/reactivity" "3.5.21"
    "@vue/runtime-core" "3.5.21"
    "@vue/shared" "3.5.21"
    csstype "^3.1.3"

"@vue/server-renderer@3.5.21":
  version "3.5.21"
  resolved "https://registry.npmmirror.com/@vue/server-renderer/-/server-renderer-3.5.21.tgz"
  integrity sha512-qr8AqgD3DJPJcGvLcJKQo2tAc8OnXRcfxhOJCPF+fcfn5bBGz7VCcO7t+qETOPxpWK1mgysXvVT/j+xWaHeMWA==
  dependencies:
    "@vue/compiler-ssr" "3.5.21"
    "@vue/shared" "3.5.21"

"@vue/shared@^3.3.0", "@vue/shared@3.5.21":
  version "3.5.21"
  resolved "https://registry.npmmirror.com/@vue/shared/-/shared-3.5.21.tgz"
  integrity sha512-+2k1EQpnYuVuu3N7atWyG3/xoFWIVJZq4Mz8XNOdScFI0etES75fbny/oU4lKWk/577P1zmg0ioYvpGEDZ3DLw==

balanced-match@^1.0.0:
  version "1.0.2"
  resolved "https://registry.npmmirror.com/balanced-match/-/balanced-match-1.0.2.tgz"
  integrity sha512-3oSeUO0TMV67hN1AmbXsK4yaqU7tjiHlbxRDZOpH0KW9+CeX4bRAaX0Anxt0tx2MrpRpWwQaPwIlISEJhYU5Pw==

brace-expansion@^2.0.1:
  version "2.0.2"
  resolved "https://registry.npmmirror.com/brace-expansion/-/brace-expansion-2.0.2.tgz"
  integrity sha512-Jt0vHyM+jmUBqojB7E1NIYadt0vI0Qxjxd2TErW94wDz+E2LAm5vKMXXwg6ZZBTHPuUlDgQHKXvjGBdfcF1ZDQ==
  dependencies:
    balanced-match "^1.0.0"

computeds@^0.0.1:
  version "0.0.1"
  resolved "https://registry.npmmirror.com/computeds/-/computeds-0.0.1.tgz"
  integrity sha512-7CEBgcMjVmitjYo5q8JTJVra6X5mQ20uTThdK+0kR7UEaDrAWEQcRiBtWJzga4eRpP6afNwwLsX2SET2JhVB1Q==

csstype@^3.1.3:
  version "3.1.3"
  resolved "https://registry.npmmirror.com/csstype/-/csstype-3.1.3.tgz"
  integrity sha512-M1uQkMl8rQK/szD0LNhtqxIPLpimGm8sOBwU7lLnCpSbTyY3yeU1Vc7l4KT5zT4s/yOxHH5O7tIuuLOCnLADRw==

de-indent@^1.0.2:
  version "1.0.2"
  resolved "https://registry.npmmirror.com/de-indent/-/de-indent-1.0.2.tgz"
  integrity sha512-e/1zu3xH5MQryN2zdVaF0OrdNLUbvWxzMbi+iNA6Bky7l1RoP8a2fIbRocyHclXt/arDrrR6lL3TqFD9pMQTsg==

entities@^4.5.0:
  version "4.5.0"
  resolved "https://registry.npmmirror.com/entities/-/entities-4.5.0.tgz"
  integrity sha512-V0hjH4dGPh9Ao5p0MoRY6BVqtwCjhz6vI5LT8AJ55H+4g9/4vbHx1I54fS0XuclLhDHArPQCiMjDxjaL8fPxhw==

esbuild@^0.21.3:
  version "0.21.5"
  resolved "https://registry.npmmirror.com/esbuild/-/esbuild-0.21.5.tgz"
  integrity sha512-mg3OPMV4hXywwpoDxu3Qda5xCKQi+vCTZq8S9J/EpkhB2HzKXq4SNFZE3+NK93JYxc8VMSep+lOUSC/RVKaBqw==
  optionalDependencies:
    "@esbuild/aix-ppc64" "0.21.5"
    "@esbuild/android-arm" "0.21.5"
    "@esbuild/android-arm64" "0.21.5"
    "@esbuild/android-x64" "0.21.5"
    "@esbuild/darwin-arm64" "0.21.5"
    "@esbuild/darwin-x64" "0.21.5"
    "@esbuild/freebsd-arm64" "0.21.5"
    "@esbuild/freebsd-x64" "0.21.5"
    "@esbuild/linux-arm" "0.21.5"
    "@esbuild/linux-arm64" "0.21.5"
    "@esbuild/linux-ia32" "0.21.5"
    "@esbuild/linux-loong64" "0.21.5"
    "@esbuild/linux-mips64el" "0.21.5"
    "@esbuild/linux-ppc64" "0.21.5"
    "@esbuild/linux-riscv64" "0.21.5"
    "@esbuild/linux-s390x" "0.21.5"
    "@esbuild/linux-x64" "0.21.5"
    "@esbuild/netbsd-x64" "0.21.5"
    "@esbuild/openbsd-x64" "0.21.5"
    "@esbuild/sunos-x64" "0.21.5"
    "@esbuild/win32-arm64" "0.21.5"
    "@esbuild/win32-ia32" "0.21.5"
    "@esbuild/win32-x64" "0.21.5"

estree-walker@^2.0.2:
  version "2.0.2"
  resolved "https://registry.npmmirror.com/estree-walker/-/estree-walker-2.0.2.tgz"
  integrity sha512-Rfkk/Mp/DL7JVje3u18FxFujQlTNR2q6QfMSMB7AvCBx91NGj/ba3kCfza0f6dVDbw7YlRf/nDrn7pQrCCyQ/w==

fsevents@~2.3.2, fsevents@~2.3.3:
  version "2.3.3"
  resolved "https://registry.npmmirror.com/fsevents/-/fsevents-2.3.3.tgz"
  integrity sha512-5xoDfX+fL7faATnagmWPpbFtwh/R77WmMMqqHGS65C3vvB0YHrgF+B1YmZ3441tMj5n63k0212XNoJwzlhffQw==

he@^1.2.0:
  version "1.2.0"
  resolved "https://registry.npmmirror.com/he/-/he-1.2.0.tgz"
  integrity sha512-F/1DnUGPopORZi0ni+CvrCgHQ5FyEAHRLSApuYWMmrbSwoN2Mn/7k+Gl38gJnR7yyDZk6WLXwiGod1JOWNDKGw==

highlight.js@^11.9.0:
  version "11.11.1"
  resolved "https://registry.npmmirror.com/highlight.js/-/highlight.js-11.11.1.tgz"
  integrity sha512-Xwwo44whKBVCYoliBQwaPvtd/2tYFkRQtXDWj1nackaV2JPXx3L0+Jvd8/qCJ2p+ML0/XVkJ2q+Mr+UVdpJK5w==

magic-string@^0.30.18:
  version "0.30.18"
  resolved "https://registry.npmmirror.com/magic-string/-/magic-string-0.30.18.tgz"
  integrity sha512-yi8swmWbO17qHhwIBNeeZxTceJMeBvWJaId6dyvTSOwTipqeHhMhOrz6513r1sOKnpvQ7zkhlG8tPrpilwTxHQ==
  dependencies:
    "@jridgewell/sourcemap-codec" "^1.5.5"

marked@*:
  version "16.2.1"
  resolved "https://registry.npmmirror.com/marked/-/marked-16.2.1.tgz"
  integrity sha512-r3UrXED9lMlHF97jJByry90cwrZBBvZmjG1L68oYfuPMW+uDTnuMbyJDymCWwbTE+f+3LhpNDKfpR3a3saFyjA==

marked@^12.0.0:
  version "12.0.2"
  resolved "https://registry.npmmirror.com/marked/-/marked-12.0.2.tgz"
  integrity sha512-qXUm7e/YKFoqFPYPa3Ukg9xlI5cyAtGmyEIzMfW//m6kXwCy2Ps9DYf5ioijFKQ8qyuscrHoY04iJGctu2Kg0Q==

minimatch@^9.0.3:
  version "9.0.5"
  resolved "https://registry.npmmirror.com/minimatch/-/minimatch-9.0.5.tgz"
  integrity sha512-G6T0ZX48xgozx7587koeX9Ys2NYy6Gmv//P89sEte9V9whIapMNF4idKxnW2QtCcLiTWlb/wfCabAtAFWhhBow==
  dependencies:
    brace-expansion "^2.0.1"

muggle-string@^0.3.1:
  version "0.3.1"
  resolved "https://registry.npmmirror.com/muggle-string/-/muggle-string-0.3.1.tgz"
  integrity sha512-ckmWDJjphvd/FvZawgygcUeQCxzvohjFO5RxTjj4eq8kw359gFF3E1brjfI+viLMxss5JrHTDRHZvu2/tuy0Qg==

nanoid@^3.3.11:
  version "3.3.11"
  resolved "https://registry.npmmirror.com/nanoid/-/nanoid-3.3.11.tgz"
  integrity sha512-N8SpfPUnUp1bK+PMYW8qSWdl9U+wwNWI4QKxOYDy9JAro3WMX7p2OeVRF9v+347pnakNevPmiHhNmZ2HbFA76w==

path-browserify@^1.0.1:
  version "1.0.1"
  resolved "https://registry.npmmirror.com/path-browserify/-/path-browserify-1.0.1.tgz"
  integrity sha512-b7uo2UCUOYZcnF/3ID0lulOJi/bafxa1xPe7ZPsammBSpjSWQkjNxlt635YGS2MiR9GjvuXCtz2emr3jbsz98g==

picocolors@^1.1.1:
  version "1.1.1"
  resolved "https://registry.npmmirror.com/picocolors/-/picocolors-1.1.1.tgz"
  integrity sha512-xceH2snhtb5M9liqDsmEw56le376mTZkEX/jEb/RxNFyegNul7eNslCXP9FDj/Lcu0X8KEyMceP2ntpaHrDEVA==

postcss@^8.4.43, postcss@^8.5.6:
  version "8.5.6"
  resolved "https://registry.npmmirror.com/postcss/-/postcss-8.5.6.tgz"
  integrity sha512-3Ybi1tAuwAP9s0r1UQ2J4n5Y0G05bJkpUIO0/bI9MhwmD70S5aTWbXGBwxHrelT+XM1k6dM0pk+SwNkpTRN7Pg==
  dependencies:
    nanoid "^3.3.11"
    picocolors "^1.1.1"
    source-map-js "^1.2.1"

rollup@^4.20.0:
  version "4.50.0"
  resolved "https://registry.npmmirror.com/rollup/-/rollup-4.50.0.tgz"
  integrity sha512-/Zl4D8zPifNmyGzJS+3kVoyXeDeT/GrsJM94sACNg9RtUE0hrHa1bNPtRSrfHTMH5HjRzce6K7rlTh3Khiw+pw==
  dependencies:
    "@types/estree" "1.0.8"
  optionalDependencies:
    "@rollup/rollup-android-arm-eabi" "4.50.0"
    "@rollup/rollup-android-arm64" "4.50.0"
    "@rollup/rollup-darwin-arm64" "4.50.0"
    "@rollup/rollup-darwin-x64" "4.50.0"
    "@rollup/rollup-freebsd-arm64" "4.50.0"
    "@rollup/rollup-freebsd-x64" "4.50.0"
    "@rollup/rollup-linux-arm-gnueabihf" "4.50.0"
    "@rollup/rollup-linux-arm-musleabihf" "4.50.0"
    "@rollup/rollup-linux-arm64-gnu" "4.50.0"
    "@rollup/rollup-linux-arm64-musl" "4.50.0"
    "@rollup/rollup-linux-loongarch64-gnu" "4.50.0"
    "@rollup/rollup-linux-ppc64-gnu" "4.50.0"
    "@rollup/rollup-linux-riscv64-gnu" "4.50.0"
    "@rollup/rollup-linux-riscv64-musl" "4.50.0"
    "@rollup/rollup-linux-s390x-gnu" "4.50.0"
    "@rollup/rollup-linux-x64-gnu" "4.50.0"
    "@rollup/rollup-linux-x64-musl" "4.50.0"
    "@rollup/rollup-openharmony-arm64" "4.50.0"
    "@rollup/rollup-win32-arm64-msvc" "4.50.0"
    "@rollup/rollup-win32-ia32-msvc" "4.50.0"
    "@rollup/rollup-win32-x64-msvc" "4.50.0"
    fsevents "~2.3.2"

semver@^7.5.4:
  version "7.7.2"
  resolved "https://registry.npmmirror.com/semver/-/semver-7.7.2.tgz"
  integrity sha512-RF0Fw+rO5AMf9MAyaRXI4AV0Ulj5lMHqVxxdSgiVbixSCXoEmmX/jk0CuJw4+3SqroYO9VoUh+HcuJivvtJemA==

source-map-js@^1.0.2, source-map-js@^1.2.1:
  version "1.2.1"
  resolved "https://registry.npmmirror.com/source-map-js/-/source-map-js-1.2.1.tgz"
  integrity sha512-UXWMKhLOwVKb728IUtQPXxfYU+usdybtUrK/8uGE8CQMvrhOpwvzDBwj0QhSL7MQc7vIsISBG8VQ8+IDQxpfQA==

typescript@*, typescript@^5.3.0:
  version "5.9.2"
  resolved "https://registry.npmmirror.com/typescript/-/typescript-5.9.2.tgz"
  integrity sha512-CWBzXQrc/qOkhidw1OzBTQuYRbfyxDXJMVJ1XNwUHGROVmuaeiEm3OslpZ1RV96d7SKKjZKrSJu3+t/xlw3R9A==

vite@^5.0.0, "vite@^5.0.0 || ^6.0.0":
  version "5.4.19"
  resolved "https://registry.npmmirror.com/vite/-/vite-5.4.19.tgz"
  integrity sha512-qO3aKv3HoQC8QKiNSTuUM1l9o/XX3+c+VTgLHbJWHZGeTPVAg2XwazI9UWzoxjIJCGCV2zU60uqMzjeLZuULqA==
  dependencies:
    esbuild "^0.21.3"
    postcss "^8.4.43"
    rollup "^4.20.0"
  optionalDependencies:
    fsevents "~2.3.3"

vue-i18n@^9.14.5:
  version "9.14.5"
  resolved "https://registry.npmmirror.com/vue-i18n/-/vue-i18n-9.14.5.tgz"
  integrity sha512-0jQ9Em3ymWngyiIkj0+c/k7WgaPO+TNzjKSNq9BvBQaKJECqn9cd9fL4tkDhB5G1QBskGl9YxxbDAhgbFtpe2g==
  dependencies:
    "@intlify/core-base" "9.14.5"
    "@intlify/shared" "9.14.5"
    "@vue/devtools-api" "^6.5.0"

vue-router@^4.2.5:
  version "4.5.1"
  resolved "https://registry.npmmirror.com/vue-router/-/vue-router-4.5.1.tgz"
  integrity sha512-ogAF3P97NPm8fJsE4by9dwSYtDwXIY1nFY9T6DyQnGHd1E2Da94w9JIolpe42LJGIl0DwOHBi8TcRPlPGwbTtw==
  dependencies:
    "@vue/devtools-api" "^6.6.4"

vue-template-compiler@^2.7.14:
  version "2.7.16"
  resolved "https://registry.npmmirror.com/vue-template-compiler/-/vue-template-compiler-2.7.16.tgz"
  integrity sha512-AYbUWAJHLGGQM7+cNTELw+KsOG9nl2CnSv467WobS5Cv9uk3wFcnr1Etsz2sEIHEZvw1U+o9mRlEO6QbZvUPGQ==
  dependencies:
    de-indent "^1.0.2"
    he "^1.2.0"

vue-tsc@^1.8.25:
  version "1.8.27"
  resolved "https://registry.npmmirror.com/vue-tsc/-/vue-tsc-1.8.27.tgz"
  integrity sha512-WesKCAZCRAbmmhuGl3+VrdWItEvfoFIPXOvUJkjULi+x+6G/Dy69yO3TBRJDr9eUlmsNAwVmxsNZxvHKzbkKdg==
  dependencies:
    "@volar/typescript" "~1.11.1"
    "@vue/language-core" "1.8.27"
    semver "^7.5.4"

vue@^3.0.0, vue@^3.2.0, vue@^3.2.25, vue@^3.4.0, vue@3.5.21:
  version "3.5.21"
  resolved "https://registry.npmmirror.com/vue/-/vue-3.5.21.tgz"
  integrity sha512-xxf9rum9KtOdwdRkiApWL+9hZEMWE90FHh8yS1+KJAiWYh+iGWV1FquPjoO9VUHQ+VIhsCXNNyZ5Sf4++RVZBA==
  dependencies:
    "@vue/compiler-dom" "3.5.21"
    "@vue/compiler-sfc" "3.5.21"
    "@vue/runtime-dom" "3.5.21"
    "@vue/server-renderer" "3.5.21"
    "@vue/shared" "3.5.21"
